# This file is generated by running "yarn install" inside your project.
# Manual changes might be lost - proceed with caution!

__metadata:
  version: 4
  cacheKey: 8

"@types/json5@npm:^0.0.29":
  version: 0.0.29
  resolution: "@types/json5@npm:0.0.29"
  checksum: e60b153664572116dfea673c5bda7778dbff150498f44f998e34b5886d8afc47f16799280e4b6e241c0472aef1bc36add771c569c68fc5125fc2ae519a3eb9ac
  languageName: node
  linkType: hard

"array-includes@npm:^3.1.1":
  version: 3.1.2
  resolution: "array-includes@npm:3.1.2"
  dependencies:
    call-bind: ^1.0.0
    define-properties: ^1.1.3
    es-abstract: ^1.18.0-next.1
    get-intrinsic: ^1.0.1
    is-string: ^1.0.5
  checksum: 5d87b89bceb333575c604c206e588c6a9e4d6185586c092a7eb622b6bc0511af730b5ebda0ba434718a9fa077d475f519b90b7ee65f1f44e4990b1e38013b182
  languageName: node
  linkType: hard

"array.prototype.flat@npm:^1.2.3":
  version: 1.2.4
  resolution: "array.prototype.flat@npm:1.2.4"
  dependencies:
    call-bind: ^1.0.0
    define-properties: ^1.1.3
    es-abstract: ^1.18.0-next.1
  checksum: 1ec5d9887ae45e70e4b993e801b440ae5ddcd0d2c6d1dbe214c311e91436152f510916bdac82b066693544b9801a3c510dfbec8a278ababf8de7eb0bde74636f
  languageName: node
  linkType: hard

"balanced-match@npm:^1.0.0":
  version: 1.0.0
  resolution: "balanced-match@npm:1.0.0"
  checksum: 9b67bfe558772f40cf743a3469b48b286aecec2ea9fe80c48d74845e53aab1cef524fafedf123a63019b49ac397760573ef5f173f539423061f7217cbb5fbd40
  languageName: node
  linkType: hard

"brace-expansion@npm:^1.1.7":
  version: 1.1.11
  resolution: "brace-expansion@npm:1.1.11"
  dependencies:
    balanced-match: ^1.0.0
    concat-map: 0.0.1
  checksum: faf34a7bb0c3fcf4b59c7808bc5d2a96a40988addf2e7e09dfbb67a2251800e0d14cd2bfc1aa79174f2f5095c54ff27f46fb1289fe2d77dac755b5eb3434cc07
  languageName: node
  linkType: hard

"call-bind@npm:^1.0.0, call-bind@npm:^1.0.2":
  version: 1.0.2
  resolution: "call-bind@npm:1.0.2"
  dependencies:
    function-bind: ^1.1.1
    get-intrinsic: ^1.0.2
  checksum: f8e31de9d19988a4b80f3e704788c4a2d6b6f3d17cfec4f57dc29ced450c53a49270dc66bf0fbd693329ee948dd33e6c90a329519aef17474a4d961e8d6426b0
  languageName: node
  linkType: hard

"concat-map@npm:0.0.1":
  version: 0.0.1
  resolution: "concat-map@npm:0.0.1"
  checksum: 902a9f5d8967a3e2faf138d5cb784b9979bad2e6db5357c5b21c568df4ebe62bcb15108af1b2253744844eb964fc023fbd9afbbbb6ddd0bcc204c6fb5b7bf3af
  languageName: node
  linkType: hard

"contains-path@npm:^0.1.0":
  version: 0.1.0
  resolution: "contains-path@npm:0.1.0"
  checksum: 94ecfd944e0bc51be8d3fc596dcd17d705bd4c8a1a627952a3a8c5924bac01c7ea19034cf40b4b4f89e576cdead130a7e5fd38f5f7f07ef67b4b261d875871e3
  languageName: node
  linkType: hard

"debug@npm:^2.6.9":
  version: 2.6.9
  resolution: "debug@npm:2.6.9"
  dependencies:
    ms: 2.0.0
  checksum: d2f51589ca66df60bf36e1fa6e4386b318c3f1e06772280eea5b1ae9fd3d05e9c2b7fd8a7d862457d00853c75b00451aa2d7459b924629ee385287a650f58fe6
  languageName: node
  linkType: hard

"debug@npm:^3.2.7":
  version: 3.2.7
  resolution: "debug@npm:3.2.7"
  dependencies:
    ms: ^2.1.1
  checksum: b3d8c5940799914d30314b7c3304a43305fd0715581a919dacb8b3176d024a782062368405b47491516d2091d6462d4d11f2f4974a405048094f8bfebfa3071c
  languageName: node
  linkType: hard

"define-properties@npm:^1.1.3":
  version: 1.1.3
  resolution: "define-properties@npm:1.1.3"
  dependencies:
    object-keys: ^1.0.12
  checksum: da80dba55d0cd76a5a7ab71ef6ea0ebcb7b941f803793e4e0257b384cb772038faa0c31659d244e82c4342edef841c1a1212580006a05a5068ee48223d787317
  languageName: node
  linkType: hard

"doctrine@npm:1.5.0":
  version: 1.5.0
  resolution: "doctrine@npm:1.5.0"
  dependencies:
    esutils: ^2.0.2
    isarray: ^1.0.0
  checksum: 7ce8102a05cbb9d942d49db5461d2f3dd1208ebfed929bf1c04770a1ef6ef540b792e63c45eae4c51f8b16075e0af4a73581a06bad31c37ceb0988f2e398509b
  languageName: node
  linkType: hard

"error-ex@npm:^1.2.0":
  version: 1.3.2
  resolution: "error-ex@npm:1.3.2"
  dependencies:
    is-arrayish: ^0.2.1
  checksum: c1c2b8b65f9c91b0f9d75f0debaa7ec5b35c266c2cac5de412c1a6de86d4cbae04ae44e510378cb14d032d0645a36925d0186f8bb7367bcc629db256b743a001
  languageName: node
  linkType: hard

"es-abstract@npm:^1.18.0-next.1":
  version: 1.18.0-next.2
  resolution: "es-abstract@npm:1.18.0-next.2"
  dependencies:
    call-bind: ^1.0.2
    es-to-primitive: ^1.2.1
    function-bind: ^1.1.1
    get-intrinsic: ^1.0.2
    has: ^1.0.3
    has-symbols: ^1.0.1
    is-callable: ^1.2.2
    is-negative-zero: ^2.0.1
    is-regex: ^1.1.1
    object-inspect: ^1.9.0
    object-keys: ^1.1.1
    object.assign: ^4.1.2
    string.prototype.trimend: ^1.0.3
    string.prototype.trimstart: ^1.0.3
  checksum: 1a44fe301903f492f29c4c5a95129432b2a84892128a8c68ef6d566b56588a73330a6cc000e61d363054e81100a2f28f029e55e3f954eb897f11748d7ff37405
  languageName: node
  linkType: hard

"es-to-primitive@npm:^1.2.1":
  version: 1.2.1
  resolution: "es-to-primitive@npm:1.2.1"
  dependencies:
    is-callable: ^1.1.4
    is-date-object: ^1.0.1
    is-symbol: ^1.0.2
  checksum: 4ead6671a2c1402619bdd77f3503991232ca15e17e46222b0a41a5d81aebc8740a77822f5b3c965008e631153e9ef0580540007744521e72de8e33599fca2eed
  languageName: node
  linkType: hard

"eslint-config-openstax-poland@workspace:.":
  version: 0.0.0-use.local
  resolution: "eslint-config-openstax-poland@workspace:."
  dependencies:
    eslint-plugin-import: =2.21.0
  peerDependencies:
    "@typescript-eslint/eslint-plugin": ^5.0.0
    "@typescript-eslint/parser": ^5.0.0
    eslint: ^7.0.0
    eslint-plugin-react: ^7.20.0
  languageName: unknown
  linkType: soft

"eslint-import-resolver-node@npm:^0.3.3":
  version: 0.3.6
  resolution: "eslint-import-resolver-node@npm:0.3.6"
  dependencies:
    debug: ^3.2.7
    resolve: ^1.20.0
  checksum: 6266733af1e112970e855a5bcc2d2058fb5ae16ad2a6d400705a86b29552b36131ffc5581b744c23d550de844206fb55e9193691619ee4dbf225c4bde526b1c8
  languageName: node
  linkType: hard

"eslint-module-utils@npm:^2.6.0":
  version: 2.6.0
  resolution: "eslint-module-utils@npm:2.6.0"
  dependencies:
    debug: ^2.6.9
    pkg-dir: ^2.0.0
  checksum: 489bb82248e1090515701cc9614a6e183dac34805bc1cb205cf411a875b8db756b0c05141f9ddb64395ec1d518a99c7f113ac181929a0e995968b8584d7f5a63
  languageName: node
  linkType: hard

"eslint-plugin-import@npm:=2.21.0":
  version: 2.21.0
  resolution: "eslint-plugin-import@npm:2.21.0"
  dependencies:
    array-includes: ^3.1.1
    array.prototype.flat: ^1.2.3
    contains-path: ^0.1.0
    debug: ^2.6.9
    doctrine: 1.5.0
    eslint-import-resolver-node: ^0.3.3
    eslint-module-utils: ^2.6.0
    has: ^1.0.3
    minimatch: ^3.0.4
    object.values: ^1.1.1
    read-pkg-up: ^2.0.0
    resolve: ^1.17.0
    tsconfig-paths: ^3.9.0
  peerDependencies:
    eslint: ^2 || ^3 || ^4 || ^5 || ^6 || ^7.2.0
  checksum: 8d2122b40931451e3441b09d0553971f3a4f024e3332917034f88bde6d43e21bdb365afe3e38b5361689227bf9db9088b88de3162e3186fd2df229cc24356287
  languageName: node
  linkType: hard

"esutils@npm:^2.0.2":
  version: 2.0.3
  resolution: "esutils@npm:2.0.3"
  checksum: 22b5b08f74737379a840b8ed2036a5fb35826c709ab000683b092d9054e5c2a82c27818f12604bfc2a9a76b90b6834ef081edbc1c7ae30d1627012e067c6ec87
  languageName: node
  linkType: hard

"find-up@npm:^2.0.0, find-up@npm:^2.1.0":
  version: 2.1.0
  resolution: "find-up@npm:2.1.0"
  dependencies:
    locate-path: ^2.0.0
  checksum: 43284fe4da09f89011f08e3c32cd38401e786b19226ea440b75386c1b12a4cb738c94969808d53a84f564ede22f732c8409e3cfc3f7fb5b5c32378ad0bbf28bd
  languageName: node
  linkType: hard

"function-bind@npm:^1.1.1":
  version: 1.1.1
  resolution: "function-bind@npm:1.1.1"
  checksum: b32fbaebb3f8ec4969f033073b43f5c8befbb58f1a79e12f1d7490358150359ebd92f49e72ff0144f65f2c48ea2a605bff2d07965f548f6474fd8efd95bf361a
  languageName: node
  linkType: hard

"get-intrinsic@npm:^1.0.1, get-intrinsic@npm:^1.0.2":
  version: 1.1.1
  resolution: "get-intrinsic@npm:1.1.1"
  dependencies:
    function-bind: ^1.1.1
    has: ^1.0.3
    has-symbols: ^1.0.1
  checksum: a9fe2ca8fa3f07f9b0d30fb202bcd01f3d9b9b6b732452e79c48e79f7d6d8d003af3f9e38514250e3553fdc83c61650851cb6870832ac89deaaceb08e3721a17
  languageName: node
  linkType: hard

"graceful-fs@npm:^4.1.2":
  version: 4.2.5
  resolution: "graceful-fs@npm:4.2.5"
  checksum: a6c075549be2f80501b83d49eb34022fb986f8099a1831dd695e280a9bd5f4d72f3b899e0930743b7355d83f72ecfa1bf3b59b797fbf73cd753656bd44e14fc6
  languageName: node
  linkType: hard

"has-symbols@npm:^1.0.1":
  version: 1.0.1
  resolution: "has-symbols@npm:1.0.1"
  checksum: 4f09be6682f9fc29855ded1101ad2a0f5d559d7d9ed68f7b68be1ea213c23991216d08d6585bf3ff6fded6f526cc506bda528d276f083602b55d232f132cfa27
  languageName: node
  linkType: hard

"has@npm:^1.0.3":
  version: 1.0.3
  resolution: "has@npm:1.0.3"
  dependencies:
    function-bind: ^1.1.1
  checksum: b9ad53d53be4af90ce5d1c38331e712522417d017d5ef1ebd0507e07c2fbad8686fffb8e12ddecd4c39ca9b9b47431afbb975b8abf7f3c3b82c98e9aad052792
  languageName: node
  linkType: hard

"hosted-git-info@npm:^2.1.4":
  version: 2.8.8
  resolution: "hosted-git-info@npm:2.8.8"
  checksum: fc5bdbd1ce2597c7fe43cf905ae18c7f96a8e042a46340af4cc4e5a0497d4a0669e2ac5ebc16bc0fef98eb8fe5d55b9b467d3aa97b97f0a87d7673644af31c74
  languageName: node
  linkType: hard

"is-arrayish@npm:^0.2.1":
  version: 0.2.1
  resolution: "is-arrayish@npm:0.2.1"
  checksum: eef4417e3c10e60e2c810b6084942b3ead455af16c4509959a27e490e7aee87cfb3f38e01bbde92220b528a0ee1a18d52b787e1458ee86174d8c7f0e58cd488f
  languageName: node
  linkType: hard

"is-callable@npm:^1.1.4, is-callable@npm:^1.2.2":
  version: 1.2.3
  resolution: "is-callable@npm:1.2.3"
  checksum: 084a732afd78e14a40cd5f6f34001edd500f43bb542991c1305b88842cab5f2fb6b48f0deed4cd72270b2e71cab3c3a56c69b324e3a02d486f937824bb7de553
  languageName: node
  linkType: hard

"is-core-module@npm:^2.1.0":
  version: 2.2.0
  resolution: "is-core-module@npm:2.2.0"
  dependencies:
    has: ^1.0.3
  checksum: 61e2aff4a7db4f8f7d5a97b484808af17290f4197b34a797cd3d3d27b6b448951064f8d3d6ceae4394fa9b7e6cf08aacd2ba7a17ef6352e922fe803580fbde56
  languageName: node
  linkType: hard

"is-core-module@npm:^2.2.0":
  version: 2.8.0
  resolution: "is-core-module@npm:2.8.0"
  dependencies:
    has: ^1.0.3
  checksum: f8b52714891e1a6c6577fcb8d5e057bab064a7a30954aab6beb5092e311473eb8da57afd334de4981dc32409ffca998412efc3a2edceb9e397cef6098d21dd91
  languageName: node
  linkType: hard

"is-date-object@npm:^1.0.1":
  version: 1.0.2
  resolution: "is-date-object@npm:1.0.2"
  checksum: ac859426e5df031abd9d1eeed32a41cc0de06e47227bd972b8bc716460a9404654b3dba78f41e8171ccf535c4bfa6d72a8d1d15a0873f9646698af415e92c2fb
  languageName: node
  linkType: hard

"is-negative-zero@npm:^2.0.1":
  version: 2.0.1
  resolution: "is-negative-zero@npm:2.0.1"
  checksum: a46f2e0cb5e16fdb8f2011ed488979386d7e68d381966682e3f4c98fc126efe47f26827912baca2d06a02a644aee458b9cba307fb389f6b161e759125db7a3b8
  languageName: node
  linkType: hard

"is-regex@npm:^1.1.1":
  version: 1.1.2
  resolution: "is-regex@npm:1.1.2"
  dependencies:
    call-bind: ^1.0.2
    has-symbols: ^1.0.1
  checksum: a1e5a451b6b2207c04e2591417499fed013630dbe96c051f0a39a3b266b16ab691c0345128223573f3cd45796e0f561a2241f4a7f1840b06574eebb7100b68aa
  languageName: node
  linkType: hard

"is-string@npm:^1.0.5":
  version: 1.0.5
  resolution: "is-string@npm:1.0.5"
  checksum: 68d77a991f55592721cc7d5800ff95cdb2c4f242e3a98fdc939c409879f7b8f297b8352184032b6b2183994b4c457f42df8de004c58b5b43655c8b2f3e3ecc17
  languageName: node
  linkType: hard

"is-symbol@npm:^1.0.2":
  version: 1.0.3
  resolution: "is-symbol@npm:1.0.3"
  dependencies:
    has-symbols: ^1.0.1
  checksum: c6d54bd01218fa202da8ce91525ca41a907819be5f000df9ab9621467e087eb36f34b2dbfa51a2a699a282e860681ffa6a787d69e944ba99a46d3df553ff2798
  languageName: node
  linkType: hard

"isarray@npm:^1.0.0":
  version: 1.0.0
  resolution: "isarray@npm:1.0.0"
  checksum: f032df8e02dce8ec565cf2eb605ea939bdccea528dbcf565cdf92bfa2da9110461159d86a537388ef1acef8815a330642d7885b29010e8f7eac967c9993b65ab
  languageName: node
  linkType: hard

"json5@npm:^1.0.1":
  version: 1.0.1
  resolution: "json5@npm:1.0.1"
  dependencies:
    minimist: ^1.2.0
  bin:
    json5: lib/cli.js
  checksum: e76ea23dbb8fc1348c143da628134a98adf4c5a4e8ea2adaa74a80c455fc2cdf0e2e13e6398ef819bfe92306b610ebb2002668ed9fc1af386d593691ef346fc3
  languageName: node
  linkType: hard

"load-json-file@npm:^2.0.0":
  version: 2.0.0
  resolution: "load-json-file@npm:2.0.0"
  dependencies:
    graceful-fs: ^4.1.2
    parse-json: ^2.2.0
    pify: ^2.0.0
    strip-bom: ^3.0.0
  checksum: 7f212bbf08a8c9aab087ead07aa220d1f43d83ec1c4e475a00a8d9bf3014eb29ebe901db8554627dcfb70184c274d05b7379f1e9678fe8297ae74dc495212049
  languageName: node
  linkType: hard

"locate-path@npm:^2.0.0":
  version: 2.0.0
  resolution: "locate-path@npm:2.0.0"
  dependencies:
    p-locate: ^2.0.0
    path-exists: ^3.0.0
  checksum: 02d581edbbbb0fa292e28d96b7de36b5b62c2fa8b5a7e82638ebb33afa74284acf022d3b1e9ae10e3ffb7658fbc49163fcd5e76e7d1baaa7801c3e05a81da755
  languageName: node
  linkType: hard

"minimatch@npm:^3.0.4":
  version: 3.0.4
  resolution: "minimatch@npm:3.0.4"
  dependencies:
    brace-expansion: ^1.1.7
  checksum: 66ac295f8a7b59788000ea3749938b0970344c841750abd96694f80269b926ebcafad3deeb3f1da2522978b119e6ae3a5869b63b13a7859a456b3408bd18a078
  languageName: node
  linkType: hard

"minimist@npm:^1.2.0":
  version: 1.2.5
  resolution: "minimist@npm:1.2.5"
  checksum: 86706ce5b36c16bfc35c5fe3dbb01d5acdc9a22f2b6cc810b6680656a1d2c0e44a0159c9a3ba51fb072bb5c203e49e10b51dcd0eec39c481f4c42086719bae52
  languageName: node
  linkType: hard

"ms@npm:2.0.0":
  version: 2.0.0
  resolution: "ms@npm:2.0.0"
  checksum: 0e6a22b8b746d2e0b65a430519934fefd41b6db0682e3477c10f60c76e947c4c0ad06f63ffdf1d78d335f83edee8c0aa928aa66a36c7cd95b69b26f468d527f4
  languageName: node
  linkType: hard

"ms@npm:^2.1.1":
  version: 2.1.3
  resolution: "ms@npm:2.1.3"
  checksum: aa92de608021b242401676e35cfa5aa42dd70cbdc082b916da7fb925c542173e36bce97ea3e804923fe92c0ad991434e4a38327e15a1b5b5f945d66df615ae6d
  languageName: node
  linkType: hard

"normalize-package-data@npm:^2.3.2":
  version: 2.5.0
  resolution: "normalize-package-data@npm:2.5.0"
  dependencies:
    hosted-git-info: ^2.1.4
    resolve: ^1.10.0
    semver: 2 || 3 || 4 || 5
    validate-npm-package-license: ^3.0.1
  checksum: 7999112efc35a6259bc22db460540cae06564aa65d0271e3bdfa86876d08b0e578b7b5b0028ee61b23f1cae9fc0e7847e4edc0948d3068a39a2a82853efc8499
  languageName: node
  linkType: hard

"object-inspect@npm:^1.9.0":
  version: 1.9.0
  resolution: "object-inspect@npm:1.9.0"
  checksum: 715d2ef5beebfecd5c6d5b29dd370b11bb37d46284d4c1e38463c1ab5dd182cb9d1b543b3f0ea682c84a1883863ea2fe6e6b7599a65a6ab043545189b06e8800
  languageName: node
  linkType: hard

"object-keys@npm:^1.0.12, object-keys@npm:^1.1.1":
  version: 1.1.1
  resolution: "object-keys@npm:1.1.1"
  checksum: b363c5e7644b1e1b04aa507e88dcb8e3a2f52b6ffd0ea801e4c7a62d5aa559affe21c55a07fd4b1fd55fc03a33c610d73426664b20032405d7b92a1414c34d6a
  languageName: node
  linkType: hard

"object.assign@npm:^4.1.2":
  version: 4.1.2
  resolution: "object.assign@npm:4.1.2"
  dependencies:
    call-bind: ^1.0.0
    define-properties: ^1.1.3
    has-symbols: ^1.0.1
    object-keys: ^1.1.1
  checksum: d621d832ed7b16ac74027adb87196804a500d80d9aca536fccb7ba48d33a7e9306a75f94c1d29cbfa324bc091bfc530bc24789568efdaee6a47fcfa298993814
  languageName: node
  linkType: hard

"object.values@npm:^1.1.1":
  version: 1.1.2
  resolution: "object.values@npm:1.1.2"
  dependencies:
    call-bind: ^1.0.0
    define-properties: ^1.1.3
    es-abstract: ^1.18.0-next.1
    has: ^1.0.3
  checksum: c9a23a764f0df894625f87c397979081eb134468c7495eb62b1042e17ca28817b6c1cb1be2c502df38aa4a1f5e0cbfb07ecbc094415f9a91ce585ddf29b07f1d
  languageName: node
  linkType: hard

"p-limit@npm:^1.1.0":
  version: 1.3.0
  resolution: "p-limit@npm:1.3.0"
  dependencies:
    p-try: ^1.0.0
  checksum: 281c1c0b8c82e1ac9f81acd72a2e35d402bf572e09721ce5520164e9de07d8274451378a3470707179ad13240535558f4b277f02405ad752e08c7d5b0d54fbfd
  languageName: node
  linkType: hard

"p-locate@npm:^2.0.0":
  version: 2.0.0
  resolution: "p-locate@npm:2.0.0"
  dependencies:
    p-limit: ^1.1.0
  checksum: e2dceb9b49b96d5513d90f715780f6f4972f46987dc32a0e18bc6c3fc74a1a5d73ec5f81b1398af5e58b99ea1ad03fd41e9181c01fa81b4af2833958696e3081
  languageName: node
  linkType: hard

"p-try@npm:^1.0.0":
  version: 1.0.0
  resolution: "p-try@npm:1.0.0"
  checksum: 3b5303f77eb7722144154288bfd96f799f8ff3e2b2b39330efe38db5dd359e4fb27012464cd85cb0a76e9b7edd1b443568cb3192c22e7cffc34989df0bafd605
  languageName: node
  linkType: hard

"parse-json@npm:^2.2.0":
  version: 2.2.0
  resolution: "parse-json@npm:2.2.0"
  dependencies:
    error-ex: ^1.2.0
  checksum: dda78a63e57a47b713a038630868538f718a7ca0cd172a36887b0392ccf544ed0374902eb28f8bf3409e8b71d62b79d17062f8543afccf2745f9b0b2d2bb80ca
  languageName: node
  linkType: hard

"path-exists@npm:^3.0.0":
  version: 3.0.0
  resolution: "path-exists@npm:3.0.0"
  checksum: 96e92643aa34b4b28d0de1cd2eba52a1c5313a90c6542d03f62750d82480e20bfa62bc865d5cfc6165f5fcd5aeb0851043c40a39be5989646f223300021bae0a
  languageName: node
  linkType: hard

"path-parse@npm:^1.0.6":
  version: 1.0.6
  resolution: "path-parse@npm:1.0.6"
  checksum: 962a85dd384d68d469ec5ba4010df8f8f9b7e936ce603bbe3211476c5615feb3c2b1ca61211a78445fadc833f0b1a86ea6484c861035ec4ac93011ba9aff9a11
  languageName: node
  linkType: hard

"path-type@npm:^2.0.0":
  version: 2.0.0
  resolution: "path-type@npm:2.0.0"
  dependencies:
    pify: ^2.0.0
  checksum: 749dc0c32d4ebe409da155a0022f9be3d08e6fd276adb3dfa27cb2486519ab2aa277d1453b3fde050831e0787e07b0885a75653fefcc82d883753c5b91121b1c
  languageName: node
  linkType: hard

"pify@npm:^2.0.0":
  version: 2.3.0
  resolution: "pify@npm:2.3.0"
  checksum: 9503aaeaf4577acc58642ad1d25c45c6d90288596238fb68f82811c08104c800e5a7870398e9f015d82b44ecbcbef3dc3d4251a1cbb582f6e5959fe09884b2ba
  languageName: node
  linkType: hard

"pkg-dir@npm:^2.0.0":
  version: 2.0.0
  resolution: "pkg-dir@npm:2.0.0"
  dependencies:
    find-up: ^2.1.0
  checksum: 8c72b712305b51e1108f0ffda5ec1525a8307e54a5855db8fb1dcf77561a5ae98e2ba3b4814c9806a679f76b2f7e5dd98bde18d07e594ddd9fdd25e9cf242ea1
  languageName: node
  linkType: hard

"read-pkg-up@npm:^2.0.0":
  version: 2.0.0
  resolution: "read-pkg-up@npm:2.0.0"
  dependencies:
    find-up: ^2.0.0
    read-pkg: ^2.0.0
  checksum: 22f9026fb72219ecd165f94f589461c70a88461dc7ea0d439a310ef2a5271ff176a4df4e5edfad087d8ac89b8553945eb209476b671e8ed081c990f30fc40b27
  languageName: node
  linkType: hard

"read-pkg@npm:^2.0.0":
  version: 2.0.0
  resolution: "read-pkg@npm:2.0.0"
  dependencies:
    load-json-file: ^2.0.0
    normalize-package-data: ^2.3.2
    path-type: ^2.0.0
  checksum: 85c5bf35f2d96acdd756151ba83251831bb2b1040b7d96adce70b2cb119b5320417f34876de0929f2d06c67f3df33ef4636427df3533913876f9ef2487a6f48f
  languageName: node
  linkType: hard

"resolve@^1.10.0, resolve@^1.17.0":
  version: 1.19.0
  resolution: "resolve@npm:1.19.0"
  dependencies:
    is-core-module: ^2.1.0
    path-parse: ^1.0.6
  checksum: a05b356e47b85ad3613d9e2a39a824f3c27f4fcad9c9ff6c7cc71a2e314c5904a90ab37481ad0069d03cab9eaaac6eb68aca1bc3355fdb05f1045cd50e2aacea
  languageName: node
  linkType: hard

resolve@^1.20.0:
  version: 1.20.0
  resolution: "resolve@npm:1.20.0"
  dependencies:
    is-core-module: ^2.2.0
    path-parse: ^1.0.6
  checksum: 40cf70b2cde00ef57f99daf2dc63c6a56d6c14a1b7fc51735d06a6f0a3b97cb67b4fb7ef6c747b4e13a7baba83b0ef625d7c4ce92a483cd5af923c3b65fd16fe
  languageName: node
  linkType: hard

"resolve@patch:resolve@^1.10.0#~builtin<compat/resolve>, resolve@patch:resolve@^1.17.0#~builtin<compat/resolve>":
  version: 1.19.0
  resolution: "resolve@patch:resolve@npm%3A1.19.0#~builtin<compat/resolve>::version=1.19.0&hash=00b1ff"
  dependencies:
    is-core-module: ^2.1.0
    path-parse: ^1.0.6
  checksum: 4714fbea90c3a4b9c14af343f255193ab16bce50782309318e01c3e4113e89df69a2a9fb1f1d9f7791c9c5a52a56f10568ce82df92dbbe184557d309a96808e5
  languageName: node
  linkType: hard

"resolve@patch:resolve@^1.20.0#~builtin<compat/resolve>":
  version: 1.20.0
  resolution: "resolve@patch:resolve@npm%3A1.20.0#~builtin<compat/resolve>::version=1.20.0&hash=00b1ff"
  dependencies:
    is-core-module: ^2.2.0
    path-parse: ^1.0.6
  checksum: bed00be983cd20a8af0e7840664f655c4b269786dbd9595c5f156cd9d8a0050e65cdbbbdafc30ee9b6245b230c78a2c8ab6447a52545b582f476c29adb188cc5
  languageName: node
  linkType: hard

"semver@npm:2 || 3 || 4 || 5":
  version: 5.7.2
  resolution: "semver@npm:5.7.2"
  bin:
    semver: bin/semver
  checksum: fb4ab5e0dd1c22ce0c937ea390b4a822147a9c53dbd2a9a0132f12fe382902beef4fbf12cf51bb955248d8d15874ce8cd89532569756384f994309825f10b686
  languageName: node
  linkType: hard

"spdx-correct@npm:^3.0.0":
  version: 3.1.1
  resolution: "spdx-correct@npm:3.1.1"
  dependencies:
    spdx-expression-parse: ^3.0.0
    spdx-license-ids: ^3.0.0
  checksum: 77ce438344a34f9930feffa61be0eddcda5b55fc592906ef75621d4b52c07400a97084d8701557b13f7d2aae0cb64f808431f469e566ef3fe0a3a131dcb775a6
  languageName: node
  linkType: hard

"spdx-exceptions@npm:^2.1.0":
  version: 2.3.0
  resolution: "spdx-exceptions@npm:2.3.0"
  checksum: cb69a26fa3b46305637123cd37c85f75610e8c477b6476fa7354eb67c08128d159f1d36715f19be6f9daf4b680337deb8c65acdcae7f2608ba51931540687ac0
  languageName: node
  linkType: hard

"spdx-expression-parse@npm:^3.0.0":
  version: 3.0.1
  resolution: "spdx-expression-parse@npm:3.0.1"
  dependencies:
    spdx-exceptions: ^2.1.0
    spdx-license-ids: ^3.0.0
  checksum: a1c6e104a2cbada7a593eaa9f430bd5e148ef5290d4c0409899855ce8b1c39652bcc88a725259491a82601159d6dc790bedefc9016c7472f7de8de7361f8ccde
  languageName: node
  linkType: hard

"spdx-license-ids@npm:^3.0.0":
  version: 3.0.7
  resolution: "spdx-license-ids@npm:3.0.7"
  checksum: b52a88aebc19b4c69049349939e1948014c4d10f52a11870431fc1cc6551de411d19e4570f5f1df2d8b7089bec921df9017a3d5199ae2468b2b432171945278e
  languageName: node
  linkType: hard

"string.prototype.trimend@npm:^1.0.3":
  version: 1.0.3
  resolution: "string.prototype.trimend@npm:1.0.3"
  dependencies:
    call-bind: ^1.0.0
    define-properties: ^1.1.3
  checksum: 6bff84b939269bae621dd2035f73a147170bab100b5f72e700b889e9e5c89422de65ca9b79feb6b0c4c5c5d9d85c7c73c3f5c3a3c7d6ffddb90d338f78c6d344
  languageName: node
  linkType: hard

"string.prototype.trimstart@npm:^1.0.3":
  version: 1.0.3
  resolution: "string.prototype.trimstart@npm:1.0.3"
  dependencies:
    call-bind: ^1.0.0
    define-properties: ^1.1.3
  checksum: 46c49a70d9ae19ff0e83b90c86aceabfd4b048ad7d1f83eaf379d2b7e230fee9d19d774ce9f6cfbe08d0ea71bf13b7618684d619254c5c1785943df5e3a76c10
  languageName: node
  linkType: hard

"strip-bom@npm:^3.0.0":
  version: 3.0.0
  resolution: "strip-bom@npm:3.0.0"
  checksum: 8d50ff27b7ebe5ecc78f1fe1e00fcdff7af014e73cf724b46fb81ef889eeb1015fc5184b64e81a2efe002180f3ba431bdd77e300da5c6685d702780fbf0c8d5b
  languageName: node
  linkType: hard

"tsconfig-paths@npm:^3.9.0":
  version: 3.9.0
  resolution: "tsconfig-paths@npm:3.9.0"
  dependencies:
    "@types/json5": ^0.0.29
    json5: ^1.0.1
    minimist: ^1.2.0
    strip-bom: ^3.0.0
  checksum: 243b3b098c76a4ca90ea0431683f3755a4ff175c6123bcba5f7b4bd80fe2ef8fa9bdc8f4d525148a1e71ade7f3e037e7c0313ae177fd12398ab68f05c2c7f25d
  languageName: node
  linkType: hard

"validate-npm-package-license@npm:^3.0.1":
  version: 3.0.4
  resolution: "validate-npm-package-license@npm:3.0.4"
  dependencies:
    spdx-correct: ^3.0.0
    spdx-expression-parse: ^3.0.0
  checksum: 35703ac889d419cf2aceef63daeadbe4e77227c39ab6287eeb6c1b36a746b364f50ba22e88591f5d017bc54685d8137bc2d328d0a896e4d3fd22093c0f32a9ad
  languageName: node
  linkType: hard
