# This file is generated by running "yarn install" inside your project.
# Manual changes might be lost - proceed with caution!

__metadata:
  version: 6
  cacheKey: 8

"@types/json5@npm:^0.0.29":
  version: 0.0.29
  resolution: "@types/json5@npm:0.0.29"
  checksum: e60b153664572116dfea673c5bda7778dbff150498f44f998e34b5886d8afc47f16799280e4b6e241c0472aef1bc36add771c569c68fc5125fc2ae519a3eb9ac
  languageName: node
  linkType: hard

"array-buffer-byte-length@npm:^1.0.0":
  version: 1.0.0
  resolution: "array-buffer-byte-length@npm:1.0.0"
  dependencies:
    call-bind: ^1.0.2
    is-array-buffer: ^3.0.1
  checksum: 044e101ce150f4804ad19c51d6c4d4cfa505c5b2577bd179256e4aa3f3f6a0a5e9874c78cd428ee566ac574c8a04d7ce21af9fe52e844abfdccb82b33035a7c3
  languageName: node
  linkType: hard

"array-includes@npm:^3.1.6":
  version: 3.1.7
  resolution: "array-includes@npm:3.1.7"
  dependencies:
    call-bind: ^1.0.2
    define-properties: ^1.2.0
    es-abstract: ^1.22.1
    get-intrinsic: ^1.2.1
    is-string: ^1.0.7
  checksum: 06f9e4598fac12a919f7c59a3f04f010ea07f0b7f0585465ed12ef528a60e45f374e79d1bddbb34cdd4338357d00023ddbd0ac18b0be36964f5e726e8965d7fc
  languageName: node
  linkType: hard

"array.prototype.findlastindex@npm:^1.2.2":
  version: 1.2.3
  resolution: "array.prototype.findlastindex@npm:1.2.3"
  dependencies:
    call-bind: ^1.0.2
    define-properties: ^1.2.0
    es-abstract: ^1.22.1
    es-shim-unscopables: ^1.0.0
    get-intrinsic: ^1.2.1
  checksum: 31f35d7b370c84db56484618132041a9af401b338f51899c2e78ef7690fbba5909ee7ca3c59a7192085b328cc0c68c6fd1f6d1553db01a689a589ae510f3966e
  languageName: node
  linkType: hard

"array.prototype.flat@npm:^1.3.1":
  version: 1.3.2
  resolution: "array.prototype.flat@npm:1.3.2"
  dependencies:
    call-bind: ^1.0.2
    define-properties: ^1.2.0
    es-abstract: ^1.22.1
    es-shim-unscopables: ^1.0.0
  checksum: 5d6b4bf102065fb3f43764bfff6feb3295d372ce89591e6005df3d0ce388527a9f03c909af6f2a973969a4d178ab232ffc9236654149173e0e187ec3a1a6b87b
  languageName: node
  linkType: hard

"array.prototype.flatmap@npm:^1.3.1":
  version: 1.3.2
  resolution: "array.prototype.flatmap@npm:1.3.2"
  dependencies:
    call-bind: ^1.0.2
    define-properties: ^1.2.0
    es-abstract: ^1.22.1
    es-shim-unscopables: ^1.0.0
  checksum: ce09fe21dc0bcd4f30271f8144083aa8c13d4639074d6c8dc82054b847c7fc9a0c97f857491f4da19d4003e507172a78f4bcd12903098adac8b9cd374f734be3
  languageName: node
  linkType: hard

"arraybuffer.prototype.slice@npm:^1.0.2":
  version: 1.0.2
  resolution: "arraybuffer.prototype.slice@npm:1.0.2"
  dependencies:
    array-buffer-byte-length: ^1.0.0
    call-bind: ^1.0.2
    define-properties: ^1.2.0
    es-abstract: ^1.22.1
    get-intrinsic: ^1.2.1
    is-array-buffer: ^3.0.2
    is-shared-array-buffer: ^1.0.2
  checksum: c200faf437786f5b2c80d4564ff5481c886a16dee642ef02abdc7306c7edd523d1f01d1dd12b769c7eb42ac9bc53874510db19a92a2c035c0f6696172aafa5d3
  languageName: node
  linkType: hard

"available-typed-arrays@npm:^1.0.5":
  version: 1.0.5
  resolution: "available-typed-arrays@npm:1.0.5"
  checksum: 20eb47b3cefd7db027b9bbb993c658abd36d4edd3fe1060e83699a03ee275b0c9b216cc076ff3f2db29073225fb70e7613987af14269ac1fe2a19803ccc97f1a
  languageName: node
  linkType: hard

"balanced-match@npm:^1.0.0":
  version: 1.0.0
  resolution: "balanced-match@npm:1.0.0"
  checksum: 9b67bfe558772f40cf743a3469b48b286aecec2ea9fe80c48d74845e53aab1cef524fafedf123a63019b49ac397760573ef5f173f539423061f7217cbb5fbd40
  languageName: node
  linkType: hard

"brace-expansion@npm:^1.1.7":
  version: 1.1.11
  resolution: "brace-expansion@npm:1.1.11"
  dependencies:
    balanced-match: ^1.0.0
    concat-map: 0.0.1
  checksum: faf34a7bb0c3fcf4b59c7808bc5d2a96a40988addf2e7e09dfbb67a2251800e0d14cd2bfc1aa79174f2f5095c54ff27f46fb1289fe2d77dac755b5eb3434cc07
  languageName: node
  linkType: hard

"call-bind@npm:^1.0.0, call-bind@npm:^1.0.2":
  version: 1.0.2
  resolution: "call-bind@npm:1.0.2"
  dependencies:
    function-bind: ^1.1.1
    get-intrinsic: ^1.0.2
  checksum: f8e31de9d19988a4b80f3e704788c4a2d6b6f3d17cfec4f57dc29ced450c53a49270dc66bf0fbd693329ee948dd33e6c90a329519aef17474a4d961e8d6426b0
  languageName: node
  linkType: hard

"concat-map@npm:0.0.1":
  version: 0.0.1
  resolution: "concat-map@npm:0.0.1"
  checksum: 902a9f5d8967a3e2faf138d5cb784b9979bad2e6db5357c5b21c568df4ebe62bcb15108af1b2253744844eb964fc023fbd9afbbbb6ddd0bcc204c6fb5b7bf3af
  languageName: node
  linkType: hard

"debug@npm:^3.2.7":
  version: 3.2.7
  resolution: "debug@npm:3.2.7"
  dependencies:
    ms: ^2.1.1
  checksum: b3d8c5940799914d30314b7c3304a43305fd0715581a919dacb8b3176d024a782062368405b47491516d2091d6462d4d11f2f4974a405048094f8bfebfa3071c
  languageName: node
  linkType: hard

"define-data-property@npm:^1.0.1":
  version: 1.1.0
  resolution: "define-data-property@npm:1.1.0"
  dependencies:
    get-intrinsic: ^1.2.1
    gopd: ^1.0.1
    has-property-descriptors: ^1.0.0
  checksum: 7ad4ee84cca8ad427a4831f5693526804b62ce9dfd4efac77214e95a4382aed930072251d4075dc8dc9fc949a353ed51f19f5285a84a788ba9216cc51472a093
  languageName: node
  linkType: hard

"define-properties@npm:^1.1.3":
  version: 1.1.3
  resolution: "define-properties@npm:1.1.3"
  dependencies:
    object-keys: ^1.0.12
  checksum: da80dba55d0cd76a5a7ab71ef6ea0ebcb7b941f803793e4e0257b384cb772038faa0c31659d244e82c4342edef841c1a1212580006a05a5068ee48223d787317
  languageName: node
  linkType: hard

"define-properties@npm:^1.1.4, define-properties@npm:^1.2.0":
  version: 1.2.1
  resolution: "define-properties@npm:1.2.1"
  dependencies:
    define-data-property: ^1.0.1
    has-property-descriptors: ^1.0.0
    object-keys: ^1.1.1
  checksum: b4ccd00597dd46cb2d4a379398f5b19fca84a16f3374e2249201992f36b30f6835949a9429669ee6b41b6e837205a163eadd745e472069e70dfc10f03e5fcc12
  languageName: node
  linkType: hard

"doctrine@npm:^2.1.0":
  version: 2.1.0
  resolution: "doctrine@npm:2.1.0"
  dependencies:
    esutils: ^2.0.2
  checksum: a45e277f7feaed309fe658ace1ff286c6e2002ac515af0aaf37145b8baa96e49899638c7cd47dccf84c3d32abfc113246625b3ac8f552d1046072adee13b0dc8
  languageName: node
  linkType: hard

"es-abstract@npm:^1.22.1":
  version: 1.22.2
  resolution: "es-abstract@npm:1.22.2"
  dependencies:
    array-buffer-byte-length: ^1.0.0
    arraybuffer.prototype.slice: ^1.0.2
    available-typed-arrays: ^1.0.5
    call-bind: ^1.0.2
    es-set-tostringtag: ^2.0.1
    es-to-primitive: ^1.2.1
    function.prototype.name: ^1.1.6
    get-intrinsic: ^1.2.1
    get-symbol-description: ^1.0.0
    globalthis: ^1.0.3
    gopd: ^1.0.1
    has: ^1.0.3
    has-property-descriptors: ^1.0.0
    has-proto: ^1.0.1
    has-symbols: ^1.0.3
    internal-slot: ^1.0.5
    is-array-buffer: ^3.0.2
    is-callable: ^1.2.7
    is-negative-zero: ^2.0.2
    is-regex: ^1.1.4
    is-shared-array-buffer: ^1.0.2
    is-string: ^1.0.7
    is-typed-array: ^1.1.12
    is-weakref: ^1.0.2
    object-inspect: ^1.12.3
    object-keys: ^1.1.1
    object.assign: ^4.1.4
    regexp.prototype.flags: ^1.5.1
    safe-array-concat: ^1.0.1
    safe-regex-test: ^1.0.0
    string.prototype.trim: ^1.2.8
    string.prototype.trimend: ^1.0.7
    string.prototype.trimstart: ^1.0.7
    typed-array-buffer: ^1.0.0
    typed-array-byte-length: ^1.0.0
    typed-array-byte-offset: ^1.0.0
    typed-array-length: ^1.0.4
    unbox-primitive: ^1.0.2
    which-typed-array: ^1.1.11
  checksum: cc70e592d360d7d729859013dee7a610c6b27ed8630df0547c16b0d16d9fe6505a70ee14d1af08d970fdd132b3f88c9ca7815ce72c9011608abf8ab0e55fc515
  languageName: node
  linkType: hard

"es-set-tostringtag@npm:^2.0.1":
  version: 2.0.1
  resolution: "es-set-tostringtag@npm:2.0.1"
  dependencies:
    get-intrinsic: ^1.1.3
    has: ^1.0.3
    has-tostringtag: ^1.0.0
  checksum: ec416a12948cefb4b2a5932e62093a7cf36ddc3efd58d6c58ca7ae7064475ace556434b869b0bbeb0c365f1032a8ccd577211101234b69837ad83ad204fff884
  languageName: node
  linkType: hard

"es-shim-unscopables@npm:^1.0.0":
  version: 1.0.0
  resolution: "es-shim-unscopables@npm:1.0.0"
  dependencies:
    has: ^1.0.3
  checksum: 83e95cadbb6ee44d3644dfad60dcad7929edbc42c85e66c3e99aefd68a3a5c5665f2686885cddb47dfeabfd77bd5ea5a7060f2092a955a729bbd8834f0d86fa1
  languageName: node
  linkType: hard

"es-to-primitive@npm:^1.2.1":
  version: 1.2.1
  resolution: "es-to-primitive@npm:1.2.1"
  dependencies:
    is-callable: ^1.1.4
    is-date-object: ^1.0.1
    is-symbol: ^1.0.2
  checksum: 4ead6671a2c1402619bdd77f3503991232ca15e17e46222b0a41a5d81aebc8740a77822f5b3c965008e631153e9ef0580540007744521e72de8e33599fca2eed
  languageName: node
  linkType: hard

"eslint-config-openstax-poland@workspace:.":
  version: 0.0.0-use.local
  resolution: "eslint-config-openstax-poland@workspace:."
  dependencies:
    eslint-plugin-import: 2.28.1
  peerDependencies:
    "@typescript-eslint/eslint-plugin": ^6.7.2
    "@typescript-eslint/parser": ^6.7.2
    eslint: ^8.49.0
    eslint-plugin-react: ^7.33.2
  languageName: unknown
  linkType: soft

"eslint-import-resolver-node@npm:^0.3.7":
  version: 0.3.9
  resolution: "eslint-import-resolver-node@npm:0.3.9"
  dependencies:
    debug: ^3.2.7
    is-core-module: ^2.13.0
    resolve: ^1.22.4
  checksum: 439b91271236b452d478d0522a44482e8c8540bf9df9bd744062ebb89ab45727a3acd03366a6ba2bdbcde8f9f718bab7fe8db64688aca75acf37e04eafd25e22
  languageName: node
  linkType: hard

"eslint-module-utils@npm:^2.8.0":
  version: 2.8.0
  resolution: "eslint-module-utils@npm:2.8.0"
  dependencies:
    debug: ^3.2.7
  peerDependenciesMeta:
    eslint:
      optional: true
  checksum: 74c6dfea7641ebcfe174be61168541a11a14aa8d72e515f5f09af55cd0d0862686104b0524aa4b8e0ce66418a44aa38a94d2588743db5fd07a6b49ffd16921d2
  languageName: node
  linkType: hard

"eslint-plugin-import@npm:2.28.1":
  version: 2.28.1
  resolution: "eslint-plugin-import@npm:2.28.1"
  dependencies:
    array-includes: ^3.1.6
    array.prototype.findlastindex: ^1.2.2
    array.prototype.flat: ^1.3.1
    array.prototype.flatmap: ^1.3.1
    debug: ^3.2.7
    doctrine: ^2.1.0
    eslint-import-resolver-node: ^0.3.7
    eslint-module-utils: ^2.8.0
    has: ^1.0.3
    is-core-module: ^2.13.0
    is-glob: ^4.0.3
    minimatch: ^3.1.2
    object.fromentries: ^2.0.6
    object.groupby: ^1.0.0
    object.values: ^1.1.6
    semver: ^6.3.1
    tsconfig-paths: ^3.14.2
  peerDependencies:
    eslint: ^2 || ^3 || ^4 || ^5 || ^6 || ^7.2.0 || ^8
  checksum: e8ae6dd8f06d8adf685f9c1cfd46ac9e053e344a05c4090767e83b63a85c8421ada389807a39e73c643b9bff156715c122e89778169110ed68d6428e12607edf
  languageName: node
  linkType: hard

"esutils@npm:^2.0.2":
  version: 2.0.3
  resolution: "esutils@npm:2.0.3"
  checksum: 22b5b08f74737379a840b8ed2036a5fb35826c709ab000683b092d9054e5c2a82c27818f12604bfc2a9a76b90b6834ef081edbc1c7ae30d1627012e067c6ec87
  languageName: node
  linkType: hard

"for-each@npm:^0.3.3":
  version: 0.3.3
  resolution: "for-each@npm:0.3.3"
  dependencies:
    is-callable: ^1.1.3
  checksum: 6c48ff2bc63362319c65e2edca4a8e1e3483a2fabc72fbe7feaf8c73db94fc7861bd53bc02c8a66a0c1dd709da6b04eec42e0abdd6b40ce47305ae92a25e5d28
  languageName: node
  linkType: hard

"function-bind@npm:^1.1.1":
  version: 1.1.1
  resolution: "function-bind@npm:1.1.1"
  checksum: b32fbaebb3f8ec4969f033073b43f5c8befbb58f1a79e12f1d7490358150359ebd92f49e72ff0144f65f2c48ea2a605bff2d07965f548f6474fd8efd95bf361a
  languageName: node
  linkType: hard

"function.prototype.name@npm:^1.1.6":
  version: 1.1.6
  resolution: "function.prototype.name@npm:1.1.6"
  dependencies:
    call-bind: ^1.0.2
    define-properties: ^1.2.0
    es-abstract: ^1.22.1
    functions-have-names: ^1.2.3
  checksum: 7a3f9bd98adab09a07f6e1f03da03d3f7c26abbdeaeee15223f6c04a9fb5674792bdf5e689dac19b97ac71de6aad2027ba3048a9b883aa1b3173eed6ab07f479
  languageName: node
  linkType: hard

"functions-have-names@npm:^1.2.3":
  version: 1.2.3
  resolution: "functions-have-names@npm:1.2.3"
  checksum: c3f1f5ba20f4e962efb71344ce0a40722163e85bee2101ce25f88214e78182d2d2476aa85ef37950c579eb6cf6ee811c17b3101bb84004bb75655f3e33f3fdb5
  languageName: node
  linkType: hard

"get-intrinsic@npm:^1.0.2":
  version: 1.1.1
  resolution: "get-intrinsic@npm:1.1.1"
  dependencies:
    function-bind: ^1.1.1
    has: ^1.0.3
    has-symbols: ^1.0.1
  checksum: a9fe2ca8fa3f07f9b0d30fb202bcd01f3d9b9b6b732452e79c48e79f7d6d8d003af3f9e38514250e3553fdc83c61650851cb6870832ac89deaaceb08e3721a17
  languageName: node
  linkType: hard

"get-intrinsic@npm:^1.1.1, get-intrinsic@npm:^1.1.3, get-intrinsic@npm:^1.2.0, get-intrinsic@npm:^1.2.1":
  version: 1.2.1
  resolution: "get-intrinsic@npm:1.2.1"
  dependencies:
    function-bind: ^1.1.1
    has: ^1.0.3
    has-proto: ^1.0.1
    has-symbols: ^1.0.3
  checksum: 5b61d88552c24b0cf6fa2d1b3bc5459d7306f699de060d76442cce49a4721f52b8c560a33ab392cf5575b7810277d54ded9d4d39a1ea61855619ebc005aa7e5f
  languageName: node
  linkType: hard

"get-symbol-description@npm:^1.0.0":
  version: 1.0.0
  resolution: "get-symbol-description@npm:1.0.0"
  dependencies:
    call-bind: ^1.0.2
    get-intrinsic: ^1.1.1
  checksum: 9ceff8fe968f9270a37a1f73bf3f1f7bda69ca80f4f80850670e0e7b9444ff99323f7ac52f96567f8b5f5fbe7ac717a0d81d3407c7313e82810c6199446a5247
  languageName: node
  linkType: hard

"globalthis@npm:^1.0.3":
  version: 1.0.3
  resolution: "globalthis@npm:1.0.3"
  dependencies:
    define-properties: ^1.1.3
  checksum: fbd7d760dc464c886d0196166d92e5ffb4c84d0730846d6621a39fbbc068aeeb9c8d1421ad330e94b7bca4bb4ea092f5f21f3d36077812af5d098b4dc006c998
  languageName: node
  linkType: hard

"gopd@npm:^1.0.1":
  version: 1.0.1
  resolution: "gopd@npm:1.0.1"
  dependencies:
    get-intrinsic: ^1.1.3
  checksum: a5ccfb8806e0917a94e0b3de2af2ea4979c1da920bc381667c260e00e7cafdbe844e2cb9c5bcfef4e5412e8bf73bab837285bc35c7ba73aaaf0134d4583393a6
  languageName: node
  linkType: hard

"has-bigints@npm:^1.0.1, has-bigints@npm:^1.0.2":
  version: 1.0.2
  resolution: "has-bigints@npm:1.0.2"
  checksum: 390e31e7be7e5c6fe68b81babb73dfc35d413604d7ee5f56da101417027a4b4ce6a27e46eff97ad040c835b5d228676eae99a9b5c3bc0e23c8e81a49241ff45b
  languageName: node
  linkType: hard

"has-property-descriptors@npm:^1.0.0":
  version: 1.0.0
  resolution: "has-property-descriptors@npm:1.0.0"
  dependencies:
    get-intrinsic: ^1.1.1
  checksum: a6d3f0a266d0294d972e354782e872e2fe1b6495b321e6ef678c9b7a06a40408a6891817350c62e752adced73a94ac903c54734fee05bf65b1905ee1368194bb
  languageName: node
  linkType: hard

"has-proto@npm:^1.0.1":
  version: 1.0.1
  resolution: "has-proto@npm:1.0.1"
  checksum: febc5b5b531de8022806ad7407935e2135f1cc9e64636c3916c6842bd7995994ca3b29871ecd7954bd35f9e2986c17b3b227880484d22259e2f8e6ce63fd383e
  languageName: node
  linkType: hard

"has-symbols@npm:^1.0.1":
  version: 1.0.1
  resolution: "has-symbols@npm:1.0.1"
  checksum: 4f09be6682f9fc29855ded1101ad2a0f5d559d7d9ed68f7b68be1ea213c23991216d08d6585bf3ff6fded6f526cc506bda528d276f083602b55d232f132cfa27
  languageName: node
  linkType: hard

"has-symbols@npm:^1.0.2, has-symbols@npm:^1.0.3":
  version: 1.0.3
  resolution: "has-symbols@npm:1.0.3"
  checksum: a054c40c631c0d5741a8285010a0777ea0c068f99ed43e5d6eb12972da223f8af553a455132fdb0801bdcfa0e0f443c0c03a68d8555aa529b3144b446c3f2410
  languageName: node
  linkType: hard

"has-tostringtag@npm:^1.0.0":
  version: 1.0.0
  resolution: "has-tostringtag@npm:1.0.0"
  dependencies:
    has-symbols: ^1.0.2
  checksum: cc12eb28cb6ae22369ebaad3a8ab0799ed61270991be88f208d508076a1e99abe4198c965935ce85ea90b60c94ddda73693b0920b58e7ead048b4a391b502c1c
  languageName: node
  linkType: hard

"has@npm:^1.0.3":
  version: 1.0.3
  resolution: "has@npm:1.0.3"
  dependencies:
    function-bind: ^1.1.1
  checksum: b9ad53d53be4af90ce5d1c38331e712522417d017d5ef1ebd0507e07c2fbad8686fffb8e12ddecd4c39ca9b9b47431afbb975b8abf7f3c3b82c98e9aad052792
  languageName: node
  linkType: hard

"internal-slot@npm:^1.0.5":
  version: 1.0.5
  resolution: "internal-slot@npm:1.0.5"
  dependencies:
    get-intrinsic: ^1.2.0
    has: ^1.0.3
    side-channel: ^1.0.4
  checksum: 97e84046bf9e7574d0956bd98d7162313ce7057883b6db6c5c7b5e5f05688864b0978ba07610c726d15d66544ffe4b1050107d93f8a39ebc59b15d8b429b497a
  languageName: node
  linkType: hard

"is-array-buffer@npm:^3.0.1, is-array-buffer@npm:^3.0.2":
  version: 3.0.2
  resolution: "is-array-buffer@npm:3.0.2"
  dependencies:
    call-bind: ^1.0.2
    get-intrinsic: ^1.2.0
    is-typed-array: ^1.1.10
  checksum: dcac9dda66ff17df9cabdc58214172bf41082f956eab30bb0d86bc0fab1e44b690fc8e1f855cf2481245caf4e8a5a006a982a71ddccec84032ed41f9d8da8c14
  languageName: node
  linkType: hard

"is-bigint@npm:^1.0.1":
  version: 1.0.4
  resolution: "is-bigint@npm:1.0.4"
  dependencies:
    has-bigints: ^1.0.1
  checksum: c56edfe09b1154f8668e53ebe8252b6f185ee852a50f9b41e8d921cb2bed425652049fbe438723f6cb48a63ca1aa051e948e7e401e093477c99c84eba244f666
  languageName: node
  linkType: hard

"is-boolean-object@npm:^1.1.0":
  version: 1.1.2
  resolution: "is-boolean-object@npm:1.1.2"
  dependencies:
    call-bind: ^1.0.2
    has-tostringtag: ^1.0.0
  checksum: c03b23dbaacadc18940defb12c1c0e3aaece7553ef58b162a0f6bba0c2a7e1551b59f365b91e00d2dbac0522392d576ef322628cb1d036a0fe51eb466db67222
  languageName: node
  linkType: hard

"is-callable@npm:^1.1.3, is-callable@npm:^1.2.7":
  version: 1.2.7
  resolution: "is-callable@npm:1.2.7"
  checksum: 61fd57d03b0d984e2ed3720fb1c7a897827ea174bd44402878e059542ea8c4aeedee0ea0985998aa5cc2736b2fa6e271c08587addb5b3959ac52cf665173d1ac
  languageName: node
  linkType: hard

"is-callable@npm:^1.1.4":
  version: 1.2.3
  resolution: "is-callable@npm:1.2.3"
  checksum: 084a732afd78e14a40cd5f6f34001edd500f43bb542991c1305b88842cab5f2fb6b48f0deed4cd72270b2e71cab3c3a56c69b324e3a02d486f937824bb7de553
  languageName: node
  linkType: hard

"is-core-module@npm:^2.13.0":
  version: 2.13.0
  resolution: "is-core-module@npm:2.13.0"
  dependencies:
    has: ^1.0.3
  checksum: 053ab101fb390bfeb2333360fd131387bed54e476b26860dc7f5a700bbf34a0ec4454f7c8c4d43e8a0030957e4b3db6e16d35e1890ea6fb654c833095e040355
  languageName: node
  linkType: hard

"is-date-object@npm:^1.0.1":
  version: 1.0.2
  resolution: "is-date-object@npm:1.0.2"
  checksum: ac859426e5df031abd9d1eeed32a41cc0de06e47227bd972b8bc716460a9404654b3dba78f41e8171ccf535c4bfa6d72a8d1d15a0873f9646698af415e92c2fb
  languageName: node
  linkType: hard

"is-extglob@npm:^2.1.1":
  version: 2.1.1
  resolution: "is-extglob@npm:2.1.1"
  checksum: df033653d06d0eb567461e58a7a8c9f940bd8c22274b94bf7671ab36df5719791aae15eef6d83bbb5e23283967f2f984b8914559d4449efda578c775c4be6f85
  languageName: node
  linkType: hard

"is-glob@npm:^4.0.3":
  version: 4.0.3
  resolution: "is-glob@npm:4.0.3"
  dependencies:
    is-extglob: ^2.1.1
  checksum: d381c1319fcb69d341cc6e6c7cd588e17cd94722d9a32dbd60660b993c4fb7d0f19438674e68dfec686d09b7c73139c9166b47597f846af387450224a8101ab4
  languageName: node
  linkType: hard

"is-negative-zero@npm:^2.0.2":
  version: 2.0.2
  resolution: "is-negative-zero@npm:2.0.2"
  checksum: f3232194c47a549da60c3d509c9a09be442507616b69454716692e37ae9f37c4dea264fb208ad0c9f3efd15a796a46b79df07c7e53c6227c32170608b809149a
  languageName: node
  linkType: hard

"is-number-object@npm:^1.0.4":
  version: 1.0.7
  resolution: "is-number-object@npm:1.0.7"
  dependencies:
    has-tostringtag: ^1.0.0
  checksum: d1e8d01bb0a7134c74649c4e62da0c6118a0bfc6771ea3c560914d52a627873e6920dd0fd0ebc0e12ad2ff4687eac4c308f7e80320b973b2c8a2c8f97a7524f7
  languageName: node
  linkType: hard

"is-regex@npm:^1.1.4":
  version: 1.1.4
  resolution: "is-regex@npm:1.1.4"
  dependencies:
    call-bind: ^1.0.2
    has-tostringtag: ^1.0.0
  checksum: 362399b33535bc8f386d96c45c9feb04cf7f8b41c182f54174c1a45c9abbbe5e31290bbad09a458583ff6bf3b2048672cdb1881b13289569a7c548370856a652
  languageName: node
  linkType: hard

"is-shared-array-buffer@npm:^1.0.2":
  version: 1.0.2
  resolution: "is-shared-array-buffer@npm:1.0.2"
  dependencies:
    call-bind: ^1.0.2
  checksum: 9508929cf14fdc1afc9d61d723c6e8d34f5e117f0bffda4d97e7a5d88c3a8681f633a74f8e3ad1fe92d5113f9b921dc5ca44356492079612f9a247efbce7032a
  languageName: node
  linkType: hard

"is-string@npm:^1.0.5":
  version: 1.0.5
  resolution: "is-string@npm:1.0.5"
  checksum: 68d77a991f55592721cc7d5800ff95cdb2c4f242e3a98fdc939c409879f7b8f297b8352184032b6b2183994b4c457f42df8de004c58b5b43655c8b2f3e3ecc17
  languageName: node
  linkType: hard

"is-string@npm:^1.0.7":
  version: 1.0.7
  resolution: "is-string@npm:1.0.7"
  dependencies:
    has-tostringtag: ^1.0.0
  checksum: 323b3d04622f78d45077cf89aab783b2f49d24dc641aa89b5ad1a72114cfeff2585efc8c12ef42466dff32bde93d839ad321b26884cf75e5a7892a938b089989
  languageName: node
  linkType: hard

"is-symbol@npm:^1.0.2":
  version: 1.0.3
  resolution: "is-symbol@npm:1.0.3"
  dependencies:
    has-symbols: ^1.0.1
  checksum: c6d54bd01218fa202da8ce91525ca41a907819be5f000df9ab9621467e087eb36f34b2dbfa51a2a699a282e860681ffa6a787d69e944ba99a46d3df553ff2798
  languageName: node
  linkType: hard

"is-symbol@npm:^1.0.3":
  version: 1.0.4
  resolution: "is-symbol@npm:1.0.4"
  dependencies:
    has-symbols: ^1.0.2
  checksum: 92805812ef590738d9de49d677cd17dfd486794773fb6fa0032d16452af46e9b91bb43ffe82c983570f015b37136f4b53b28b8523bfb10b0ece7a66c31a54510
  languageName: node
  linkType: hard

"is-typed-array@npm:^1.1.10, is-typed-array@npm:^1.1.12, is-typed-array@npm:^1.1.9":
  version: 1.1.12
  resolution: "is-typed-array@npm:1.1.12"
  dependencies:
    which-typed-array: ^1.1.11
  checksum: 4c89c4a3be07186caddadf92197b17fda663a9d259ea0d44a85f171558270d36059d1c386d34a12cba22dfade5aba497ce22778e866adc9406098c8fc4771796
  languageName: node
  linkType: hard

"is-weakref@npm:^1.0.2":
  version: 1.0.2
  resolution: "is-weakref@npm:1.0.2"
  dependencies:
    call-bind: ^1.0.2
  checksum: 95bd9a57cdcb58c63b1c401c60a474b0f45b94719c30f548c891860f051bc2231575c290a6b420c6bc6e7ed99459d424c652bd5bf9a1d5259505dc35b4bf83de
  languageName: node
  linkType: hard

"isarray@npm:^2.0.5":
  version: 2.0.5
  resolution: "isarray@npm:2.0.5"
  checksum: bd5bbe4104438c4196ba58a54650116007fa0262eccef13a4c55b2e09a5b36b59f1e75b9fcc49883dd9d4953892e6fc007eef9e9155648ceea036e184b0f930a
  languageName: node
  linkType: hard

"json5@npm:^1.0.2":
  version: 1.0.2
  resolution: "json5@npm:1.0.2"
  dependencies:
    minimist: ^1.2.0
  bin:
    json5: lib/cli.js
  checksum: 866458a8c58a95a49bef3adba929c625e82532bcff1fe93f01d29cb02cac7c3fe1f4b79951b7792c2da9de0b32871a8401a6e3c5b36778ad852bf5b8a61165d7
  languageName: node
  linkType: hard

"minimatch@npm:^3.1.2":
  version: 3.1.2
  resolution: "minimatch@npm:3.1.2"
  dependencies:
    brace-expansion: ^1.1.7
  checksum: c154e566406683e7bcb746e000b84d74465b3a832c45d59912b9b55cd50dee66e5c4b1e5566dba26154040e51672f9aa450a9aef0c97cfc7336b78b7afb9540a
  languageName: node
  linkType: hard

"minimist@npm:^1.2.0":
  version: 1.2.5
  resolution: "minimist@npm:1.2.5"
  checksum: 86706ce5b36c16bfc35c5fe3dbb01d5acdc9a22f2b6cc810b6680656a1d2c0e44a0159c9a3ba51fb072bb5c203e49e10b51dcd0eec39c481f4c42086719bae52
  languageName: node
  linkType: hard

"minimist@npm:^1.2.6":
  version: 1.2.8
  resolution: "minimist@npm:1.2.8"
  checksum: 75a6d645fb122dad29c06a7597bddea977258957ed88d7a6df59b5cd3fe4a527e253e9bbf2e783e4b73657f9098b96a5fe96ab8a113655d4109108577ecf85b0
  languageName: node
  linkType: hard

"ms@npm:^2.1.1":
  version: 2.1.3
  resolution: "ms@npm:2.1.3"
  checksum: aa92de608021b242401676e35cfa5aa42dd70cbdc082b916da7fb925c542173e36bce97ea3e804923fe92c0ad991434e4a38327e15a1b5b5f945d66df615ae6d
  languageName: node
  linkType: hard

"object-inspect@npm:^1.12.3":
  version: 1.12.3
  resolution: "object-inspect@npm:1.12.3"
  checksum: dabfd824d97a5f407e6d5d24810d888859f6be394d8b733a77442b277e0808860555176719c5905e765e3743a7cada6b8b0a3b85e5331c530fd418cc8ae991db
  languageName: node
  linkType: hard

"object-inspect@npm:^1.9.0":
  version: 1.9.0
  resolution: "object-inspect@npm:1.9.0"
  checksum: 715d2ef5beebfecd5c6d5b29dd370b11bb37d46284d4c1e38463c1ab5dd182cb9d1b543b3f0ea682c84a1883863ea2fe6e6b7599a65a6ab043545189b06e8800
  languageName: node
  linkType: hard

"object-keys@npm:^1.0.12, object-keys@npm:^1.1.1":
  version: 1.1.1
  resolution: "object-keys@npm:1.1.1"
  checksum: b363c5e7644b1e1b04aa507e88dcb8e3a2f52b6ffd0ea801e4c7a62d5aa559affe21c55a07fd4b1fd55fc03a33c610d73426664b20032405d7b92a1414c34d6a
  languageName: node
  linkType: hard

"object.assign@npm:^4.1.4":
  version: 4.1.4
  resolution: "object.assign@npm:4.1.4"
  dependencies:
    call-bind: ^1.0.2
    define-properties: ^1.1.4
    has-symbols: ^1.0.3
    object-keys: ^1.1.1
  checksum: 76cab513a5999acbfe0ff355f15a6a125e71805fcf53de4e9d4e082e1989bdb81d1e329291e1e4e0ae7719f0e4ef80e88fb2d367ae60500d79d25a6224ac8864
  languageName: node
  linkType: hard

"object.fromentries@npm:^2.0.6":
  version: 2.0.7
  resolution: "object.fromentries@npm:2.0.7"
  dependencies:
    call-bind: ^1.0.2
    define-properties: ^1.2.0
    es-abstract: ^1.22.1
  checksum: 7341ce246e248b39a431b87a9ddd331ff52a454deb79afebc95609f94b1f8238966cf21f52188f2a353f0fdf83294f32f1ebf1f7826aae915ebad21fd0678065
  languageName: node
  linkType: hard

"object.groupby@npm:^1.0.0":
  version: 1.0.1
  resolution: "object.groupby@npm:1.0.1"
  dependencies:
    call-bind: ^1.0.2
    define-properties: ^1.2.0
    es-abstract: ^1.22.1
    get-intrinsic: ^1.2.1
  checksum: d7959d6eaaba358b1608066fc67ac97f23ce6f573dc8fc661f68c52be165266fcb02937076aedb0e42722fdda0bdc0bbf74778196ac04868178888e9fd3b78b5
  languageName: node
  linkType: hard

"object.values@npm:^1.1.6":
  version: 1.1.7
  resolution: "object.values@npm:1.1.7"
  dependencies:
    call-bind: ^1.0.2
    define-properties: ^1.2.0
    es-abstract: ^1.22.1
  checksum: f3e4ae4f21eb1cc7cebb6ce036d4c67b36e1c750428d7b7623c56a0db90edced63d08af8a316d81dfb7c41a3a5fa81b05b7cc9426e98d7da986b1682460f0777
  languageName: node
  linkType: hard

"path-parse@npm:^1.0.7":
  version: 1.0.7
  resolution: "path-parse@npm:1.0.7"
  checksum: 49abf3d81115642938a8700ec580da6e830dde670be21893c62f4e10bd7dd4c3742ddc603fe24f898cba7eb0c6bc1777f8d9ac14185d34540c6d4d80cd9cae8a
  languageName: node
  linkType: hard

"regexp.prototype.flags@npm:^1.5.1":
  version: 1.5.1
  resolution: "regexp.prototype.flags@npm:1.5.1"
  dependencies:
    call-bind: ^1.0.2
    define-properties: ^1.2.0
    set-function-name: ^2.0.0
  checksum: 869edff00288442f8d7fa4c9327f91d85f3b3acf8cbbef9ea7a220345cf23e9241b6def9263d2c1ebcf3a316b0aa52ad26a43a84aa02baca3381717b3e307f47
  languageName: node
  linkType: hard

"resolve@npm:^1.22.4":
  version: 1.22.6
  resolution: "resolve@npm:1.22.6"
  dependencies:
    is-core-module: ^2.13.0
    path-parse: ^1.0.7
    supports-preserve-symlinks-flag: ^1.0.0
  bin:
    resolve: bin/resolve
  checksum: d13bf66d4e2ee30d291491f16f2fa44edd4e0cefb85d53249dd6f93e70b2b8c20ec62f01b18662e3cd40e50a7528f18c4087a99490048992a3bb954cf3201a5b
  languageName: node
  linkType: hard

"resolve@patch:resolve@^1.22.4#~builtin<compat/resolve>":
  version: 1.22.6
  resolution: "resolve@patch:resolve@npm%3A1.22.6#~builtin<compat/resolve>::version=1.22.6&hash=c3c19d"
  dependencies:
    is-core-module: ^2.13.0
    path-parse: ^1.0.7
    supports-preserve-symlinks-flag: ^1.0.0
  bin:
    resolve: bin/resolve
  checksum: 9d3b3c67aefd12cecbe5f10ca4d1f51ea190891096497c43f301b086883b426466918c3a64f1bbf1788fabb52b579d58809614006c5d0b49186702b3b8fb746a
  languageName: node
  linkType: hard

"safe-array-concat@npm:^1.0.1":
  version: 1.0.1
  resolution: "safe-array-concat@npm:1.0.1"
  dependencies:
    call-bind: ^1.0.2
    get-intrinsic: ^1.2.1
    has-symbols: ^1.0.3
    isarray: ^2.0.5
  checksum: 001ecf1d8af398251cbfabaf30ed66e3855127fbceee178179524b24160b49d15442f94ed6c0db0b2e796da76bb05b73bf3cc241490ec9c2b741b41d33058581
  languageName: node
  linkType: hard

"safe-regex-test@npm:^1.0.0":
  version: 1.0.0
  resolution: "safe-regex-test@npm:1.0.0"
  dependencies:
    call-bind: ^1.0.2
    get-intrinsic: ^1.1.3
    is-regex: ^1.1.4
  checksum: bc566d8beb8b43c01b94e67de3f070fd2781685e835959bbbaaec91cc53381145ca91f69bd837ce6ec244817afa0a5e974fc4e40a2957f0aca68ac3add1ddd34
  languageName: node
  linkType: hard

"semver@npm:^6.3.1":
  version: 6.3.1
  resolution: "semver@npm:6.3.1"
  bin:
    semver: bin/semver.js
  checksum: ae47d06de28836adb9d3e25f22a92943477371292d9b665fb023fae278d345d508ca1958232af086d85e0155aee22e313e100971898bbb8d5d89b8b1d4054ca2
  languageName: node
  linkType: hard

"set-function-name@npm:^2.0.0":
  version: 2.0.1
  resolution: "set-function-name@npm:2.0.1"
  dependencies:
    define-data-property: ^1.0.1
    functions-have-names: ^1.2.3
    has-property-descriptors: ^1.0.0
  checksum: 4975d17d90c40168eee2c7c9c59d023429f0a1690a89d75656306481ece0c3c1fb1ebcc0150ea546d1913e35fbd037bace91372c69e543e51fc5d1f31a9fa126
  languageName: node
  linkType: hard

"side-channel@npm:^1.0.4":
  version: 1.0.4
  resolution: "side-channel@npm:1.0.4"
  dependencies:
    call-bind: ^1.0.0
    get-intrinsic: ^1.0.2
    object-inspect: ^1.9.0
  checksum: 351e41b947079c10bd0858364f32bb3a7379514c399edb64ab3dce683933483fc63fb5e4efe0a15a2e8a7e3c436b6a91736ddb8d8c6591b0460a24bb4a1ee245
  languageName: node
  linkType: hard

"string.prototype.trim@npm:^1.2.8":
  version: 1.2.8
  resolution: "string.prototype.trim@npm:1.2.8"
  dependencies:
    call-bind: ^1.0.2
    define-properties: ^1.2.0
    es-abstract: ^1.22.1
  checksum: 49eb1a862a53aba73c3fb6c2a53f5463173cb1f4512374b623bcd6b43ad49dd559a06fb5789bdec771a40fc4d2a564411c0a75d35fb27e76bbe738c211ecff07
  languageName: node
  linkType: hard

"string.prototype.trimend@npm:^1.0.7":
  version: 1.0.7
  resolution: "string.prototype.trimend@npm:1.0.7"
  dependencies:
    call-bind: ^1.0.2
    define-properties: ^1.2.0
    es-abstract: ^1.22.1
  checksum: 2375516272fd1ba75992f4c4aa88a7b5f3c7a9ca308d963bcd5645adf689eba6f8a04ebab80c33e30ec0aefc6554181a3a8416015c38da0aa118e60ec896310c
  languageName: node
  linkType: hard

"string.prototype.trimstart@npm:^1.0.7":
  version: 1.0.7
  resolution: "string.prototype.trimstart@npm:1.0.7"
  dependencies:
    call-bind: ^1.0.2
    define-properties: ^1.2.0
    es-abstract: ^1.22.1
  checksum: 13d0c2cb0d5ff9e926fa0bec559158b062eed2b68cd5be777ffba782c96b2b492944e47057274e064549b94dd27cf81f48b27a31fee8af5b574cff253e7eb613
  languageName: node
  linkType: hard

"strip-bom@npm:^3.0.0":
  version: 3.0.0
  resolution: "strip-bom@npm:3.0.0"
  checksum: 8d50ff27b7ebe5ecc78f1fe1e00fcdff7af014e73cf724b46fb81ef889eeb1015fc5184b64e81a2efe002180f3ba431bdd77e300da5c6685d702780fbf0c8d5b
  languageName: node
  linkType: hard

"supports-preserve-symlinks-flag@npm:^1.0.0":
  version: 1.0.0
  resolution: "supports-preserve-symlinks-flag@npm:1.0.0"
  checksum: 53b1e247e68e05db7b3808b99b892bd36fb096e6fba213a06da7fab22045e97597db425c724f2bbd6c99a3c295e1e73f3e4de78592289f38431049e1277ca0ae
  languageName: node
  linkType: hard

"tsconfig-paths@npm:^3.14.2":
  version: 3.14.2
  resolution: "tsconfig-paths@npm:3.14.2"
  dependencies:
    "@types/json5": ^0.0.29
    json5: ^1.0.2
    minimist: ^1.2.6
    strip-bom: ^3.0.0
  checksum: a6162eaa1aed680537f93621b82399c7856afd10ec299867b13a0675e981acac4e0ec00896860480efc59fc10fd0b16fdc928c0b885865b52be62cadac692447
  languageName: node
  linkType: hard

"typed-array-buffer@npm:^1.0.0":
  version: 1.0.0
  resolution: "typed-array-buffer@npm:1.0.0"
  dependencies:
    call-bind: ^1.0.2
    get-intrinsic: ^1.2.1
    is-typed-array: ^1.1.10
  checksum: 3e0281c79b2a40cd97fe715db803884301993f4e8c18e8d79d75fd18f796e8cd203310fec8c7fdb5e6c09bedf0af4f6ab8b75eb3d3a85da69328f28a80456bd3
  languageName: node
  linkType: hard

"typed-array-byte-length@npm:^1.0.0":
  version: 1.0.0
  resolution: "typed-array-byte-length@npm:1.0.0"
  dependencies:
    call-bind: ^1.0.2
    for-each: ^0.3.3
    has-proto: ^1.0.1
    is-typed-array: ^1.1.10
  checksum: b03db16458322b263d87a702ff25388293f1356326c8a678d7515767ef563ef80e1e67ce648b821ec13178dd628eb2afdc19f97001ceae7a31acf674c849af94
  languageName: node
  linkType: hard

"typed-array-byte-offset@npm:^1.0.0":
  version: 1.0.0
  resolution: "typed-array-byte-offset@npm:1.0.0"
  dependencies:
    available-typed-arrays: ^1.0.5
    call-bind: ^1.0.2
    for-each: ^0.3.3
    has-proto: ^1.0.1
    is-typed-array: ^1.1.10
  checksum: 04f6f02d0e9a948a95fbfe0d5a70b002191fae0b8fe0fe3130a9b2336f043daf7a3dda56a31333c35a067a97e13f539949ab261ca0f3692c41603a46a94e960b
  languageName: node
  linkType: hard

"typed-array-length@npm:^1.0.4":
  version: 1.0.4
  resolution: "typed-array-length@npm:1.0.4"
  dependencies:
    call-bind: ^1.0.2
    for-each: ^0.3.3
    is-typed-array: ^1.1.9
  checksum: 2228febc93c7feff142b8c96a58d4a0d7623ecde6c7a24b2b98eb3170e99f7c7eff8c114f9b283085cd59dcd2bd43aadf20e25bba4b034a53c5bb292f71f8956
  languageName: node
  linkType: hard

"unbox-primitive@npm:^1.0.2":
  version: 1.0.2
  resolution: "unbox-primitive@npm:1.0.2"
  dependencies:
    call-bind: ^1.0.2
    has-bigints: ^1.0.2
    has-symbols: ^1.0.3
    which-boxed-primitive: ^1.0.2
  checksum: b7a1cf5862b5e4b5deb091672ffa579aa274f648410009c81cca63fed3b62b610c4f3b773f912ce545bb4e31edc3138975b5bc777fc6e4817dca51affb6380e9
  languageName: node
  linkType: hard

"which-boxed-primitive@npm:^1.0.2":
  version: 1.0.2
  resolution: "which-boxed-primitive@npm:1.0.2"
  dependencies:
    is-bigint: ^1.0.1
    is-boolean-object: ^1.1.0
    is-number-object: ^1.0.4
    is-string: ^1.0.5
    is-symbol: ^1.0.3
  checksum: 53ce774c7379071729533922adcca47220228405e1895f26673bbd71bdf7fb09bee38c1d6399395927c6289476b5ae0629863427fd151491b71c4b6cb04f3a5e
  languageName: node
  linkType: hard

"which-typed-array@npm:^1.1.11":
  version: 1.1.11
  resolution: "which-typed-array@npm:1.1.11"
  dependencies:
    available-typed-arrays: ^1.0.5
    call-bind: ^1.0.2
    for-each: ^0.3.3
    gopd: ^1.0.1
    has-tostringtag: ^1.0.0
  checksum: 711ffc8ef891ca6597b19539075ec3e08bb9b4c2ca1f78887e3c07a977ab91ac1421940505a197758fb5939aa9524976d0a5bbcac34d07ed6faa75cedbb17206
  languageName: node
  linkType: hard
